
Microsoft Visual Studio Solution File, Format Version 12.00
# Visual Studio Version 17
VisualStudioVersion = 17.8.34330.188
MinimumVisualStudioVersion = 10.0.40219.1
Project("{FAE04EC0-301F-11D3-BF4B-00C04F79EFBC}") = "ConsoleApp3", "ConsoleApp3.csproj", "{1FDCE8D4-2765-401B-B6C6-26E1F9AAA48B}"
EndProject
Global
	GlobalSection(SolutionConfigurationPlatforms) = preSolution
		Debug|Any CPU = Debug|Any CPU
		Release|Any CPU = Release|Any CPU
	EndGlobalSection
	GlobalSection(ProjectConfigurationPlatforms) = postSolution
		{1FDCE8D4-2765-401B-B6C6-26E1F9AAA48B}.Debug|Any CPU.ActiveCfg = Debug|Any CPU
		{1FDCE8D4-2765-401B-B6C6-26E1F9AAA48B}.Debug|Any CPU.Build.0 = Debug|Any CPU
		{1FDCE8D4-2765-401B-B6C6-26E1F9AAA48B}.Release|Any CPU.ActiveCfg = Release|Any CPU
		{1FDCE8D4-2765-401B-B6C6-26E1F9AAA48B}.Release|Any CPU.Build.0 = Release|Any CPU
	EndGlobalSection
	GlobalSection(SolutionProperties) = preSolution
		HideSolutionNode = FALSE
	EndGlobalSection
	GlobalSection(ExtensibilityGlobals) = postSolution
		SolutionGuid = {DC6C9E48-9F23-456E-8979-0D33E7C4B3BD}
	EndGlobalSection
EndGlobal
